{
  "name": "bbconf2017-lit-element",
  "version": "0.0.1",
  "lockfileVersion": 1,
  "requires": true,
  "dependencies": {
    "lit-html": {
      "version": "0.6.0",
      "resolved": "https://artifactory.ing.net/artifactory/api/npm/releases_npm_all/lit-html/-/lit-html-0.6.0.tgz",
      "integrity": "sha1-PXVupn9tDKwcDnjvnlLUM1GYtyg="
    }
  }
}
